
Microsoft Visual Studio Solution File, Format Version 12.00
# Visual Studio Version 16
VisualStudioVersion = 16.0.30114.105
MinimumVisualStudioVersion = 10.0.40219.1
Project("{FAE04EC0-301F-11D3-BF4B-00C04F79EFBC}") = "Catalog.UnitTests", "Catalog.UnitTests\Catalog.UnitTests.csproj", "{72B21C79-3E85-4FC8-9CC6-BDB4B4B411BA}"
EndProject
Project("{FAE04EC0-301F-11D3-BF4B-00C04F79EFBC}") = "Catalog.Api", "Catalog.Api\Catalog.Api.csproj", "{5155043A-250E-4A0A-9CA9-BF855623CC2F}"
EndProject
Global
	GlobalSection(SolutionConfigurationPlatforms) = preSolution
		Debug|Any CPU = Debug|Any CPU
		Release|Any CPU = Release|Any CPU
	EndGlobalSection
	GlobalSection(SolutionProperties) = preSolution
		HideSolutionNode = FALSE
	EndGlobalSection
	GlobalSection(ProjectConfigurationPlatforms) = postSolution
		{72B21C79-3E85-4FC8-9CC6-BDB4B4B411BA}.Debug|Any CPU.ActiveCfg = Debug|Any CPU
		{72B21C79-3E85-4FC8-9CC6-BDB4B4B411BA}.Debug|Any CPU.Build.0 = Debug|Any CPU
		{72B21C79-3E85-4FC8-9CC6-BDB4B4B411BA}.Release|Any CPU.ActiveCfg = Release|Any CPU
		{72B21C79-3E85-4FC8-9CC6-BDB4B4B411BA}.Release|Any CPU.Build.0 = Release|Any CPU
		{5155043A-250E-4A0A-9CA9-BF855623CC2F}.Debug|Any CPU.ActiveCfg = Debug|Any CPU
		{5155043A-250E-4A0A-9CA9-BF855623CC2F}.Debug|Any CPU.Build.0 = Debug|Any CPU
		{5155043A-250E-4A0A-9CA9-BF855623CC2F}.Release|Any CPU.ActiveCfg = Release|Any CPU
		{5155043A-250E-4A0A-9CA9-BF855623CC2F}.Release|Any CPU.Build.0 = Release|Any CPU
	EndGlobalSection
EndGlobal
